
Microsoft Visual Studio Solution File, Format Version 12.00
# Visual Studio 15
VisualStudioVersion = 15.0.28010.2050
MinimumVisualStudioVersion = 10.0.40219.1
Project("{FAE04EC0-301F-11D3-BF4B-00C04F79EFBC}") = "APP2", "APP2\APP2.csproj", "{403552B8-466D-4878-8051-91C6211528BE}"
EndProject
Global
	GlobalSection(SolutionConfigurationPlatforms) = preSolution
		Debug|Any CPU = Debug|Any CPU
		Release|Any CPU = Release|Any CPU
	EndGlobalSection
	GlobalSection(ProjectConfigurationPlatforms) = postSolution
		{403552B8-466D-4878-8051-91C6211528BE}.Debug|Any CPU.ActiveCfg = Debug|Any CPU
		{403552B8-466D-4878-8051-91C6211528BE}.Debug|Any CPU.Build.0 = Debug|Any CPU
		{403552B8-466D-4878-8051-91C6211528BE}.Release|Any CPU.ActiveCfg = Release|Any CPU
		{403552B8-466D-4878-8051-91C6211528BE}.Release|Any CPU.Build.0 = Release|Any CPU
	EndGlobalSection
	GlobalSection(SolutionProperties) = preSolution
		HideSolutionNode = FALSE
	EndGlobalSection
	GlobalSection(ExtensibilityGlobals) = postSolution
		SolutionGuid = {8F42497E-1CC0-4865-A1F1-7FA9ACB83287}
	EndGlobalSection
EndGlobal
